
Microsoft Visual Studio Solution File, Format Version 12.00
# Visual Studio Version 17
VisualStudioVersion = 17.13.35931.197 d17.13
MinimumVisualStudioVersion = 10.0.40219.1
Project("{FAE04EC0-301F-11D3-BF4B-00C04F79EFBC}") = "CarRental", "CarRental\CarRental.csproj", "{BF4939D7-755A-4AF5-B87E-0F55E13BBDDB}"
EndProject
Global
	GlobalSection(SolutionConfigurationPlatforms) = preSolution
		Debug|Any CPU = Debug|Any CPU
		Release|Any CPU = Release|Any CPU
	EndGlobalSection
	GlobalSection(ProjectConfigurationPlatforms) = postSolution
		{BF4939D7-755A-4AF5-B87E-0F55E13BBDDB}.Debug|Any CPU.ActiveCfg = Debug|Any CPU
		{BF4939D7-755A-4AF5-B87E-0F55E13BBDDB}.Debug|Any CPU.Build.0 = Debug|Any CPU
		{BF4939D7-755A-4AF5-B87E-0F55E13BBDDB}.Release|Any CPU.ActiveCfg = Release|Any CPU
		{BF4939D7-755A-4AF5-B87E-0F55E13BBDDB}.Release|Any CPU.Build.0 = Release|Any CPU
	EndGlobalSection
	GlobalSection(SolutionProperties) = preSolution
		HideSolutionNode = FALSE
	EndGlobalSection
	GlobalSection(ExtensibilityGlobals) = postSolution
		SolutionGuid = {867990CA-721B-40D5-8615-E390901F97A6}
	EndGlobalSection
EndGlobal
